{
    "_readme": [
        "This file locks the dependencies of your project to a known state",
        "Read more about it at https://getcomposer.org/doc/01-basic-usage.md#composer-lock-the-lock-file",
        "This file is @generated automatically"
    ],
    "hash": "367239cac894b819abaf8985b9635519",
    "content-hash": "1d7a07a773ba42a8af83a3a6ad7c71f8",
    "packages": [
        {
            "name": "oyejorge/less.php",
            "version": "v1.7.0.10",
            "source": {
                "type": "git",
                "url": "https://github.com/oyejorge/less.php.git",
                "reference": "a1e2d3c20794b37ac4d0baeb24613e579584033b"
            },
            "dist": {
                "type": "zip",
                "url": "https://api.github.com/repos/oyejorge/less.php/zipball/a1e2d3c20794b37ac4d0baeb24613e579584033b",
                "reference": "a1e2d3c20794b37ac4d0baeb24613e579584033b",
                "shasum": ""
            },
            "require": {
                "php": ">=5.3"
            },
            "require-dev": {
                "phpunit/phpunit": "~4.8.18"
            },
            "bin": [
                "bin/lessc"
            ],
            "type": "library",
            "autoload": {
                "psr-0": {
                    "Less": "lib/"
                },
                "classmap": [
                    "lessc.inc.php"
                ]
            },
            "notification-url": "https://packagist.org/downloads/",
            "license": [
                "Apache-2.0"
            ],
            "authors": [
                {
                    "name": "Matt Agar",
                    "homepage": "https://github.com/agar"
                },
                {
                    "name": "Martin Jantošovič",
                    "homepage": "https://github.com/Mordred"
                },
                {
                    "name": "Josh Schmidt",
                    "homepage": "https://github.com/oyejorge"
                }
            ],
            "description": "PHP port of the Javascript version of LESS http://lesscss.org",
            "homepage": "http://lessphp.gpeasy.com",
            "keywords": [
                "css",
                "less",
                "less.js",
                "lesscss",
                "php",
                "stylesheet"
            ],
            "time": "2015-12-30 05:47:36"
        },
        {
            "name": "reisraff/phulp",
            "version": "0.0.1",
            "source": {
                "type": "git",
                "url": "https://github.com/reisraff/phulp.git",
                "reference": "20a7cbcdebab4ecff9529a6977c5b0df34b25fca"
            },
            "dist": {
                "type": "zip",
                "url": "https://api.github.com/repos/reisraff/phulp/zipball/20a7cbcdebab4ecff9529a6977c5b0df34b25fca",
                "reference": "20a7cbcdebab4ecff9529a6977c5b0df34b25fca",
                "shasum": ""
            },
            "require": {
                "php": ">=5.6",
                "symfony/finder": "^3.0"
            },
            "require-dev": {
                "phing/phing": "2.*",
                "phpunit/phpunit": "4.5.*",
                "squizlabs/php_codesniffer": "2.0.*@dev"
            },
            "bin": [
                "bin/phulp"
            ],
            "type": "library",
            "autoload": {
                "psr-4": {
                    "Phulp\\": "src",
                    "Test\\": "test"
                }
            },
            "notification-url": "https://packagist.org/downloads/",
            "license": [
                "MIT"
            ],
            "authors": [
                {
                    "name": "Rafael Reis",
                    "email": "reisraff@gmail.com"
                }
            ],
            "description": "The task manager for php",
            "homepage": "https://reisraff.github.io/phulp/dist/#!/home",
            "keywords": [
                "php",
                "phulp"
            ],
            "time": "2016-05-23 15:23:05"
        },
        {
            "name": "symfony/finder",
            "version": "v3.0.6",
            "source": {
                "type": "git",
                "url": "https://github.com/symfony/finder.git",
                "reference": "c54e407b35bc098916704e9fd090da21da4c4f52"
            },
            "dist": {
                "type": "zip",
                "url": "https://api.github.com/repos/symfony/finder/zipball/c54e407b35bc098916704e9fd090da21da4c4f52",
                "reference": "c54e407b35bc098916704e9fd090da21da4c4f52",
                "shasum": ""
            },
            "require": {
                "php": ">=5.5.9"
            },
            "type": "library",
            "extra": {
                "branch-alias": {
                    "dev-master": "3.0-dev"
                }
            },
            "autoload": {
                "psr-4": {
                    "Symfony\\Component\\Finder\\": ""
                },
                "exclude-from-classmap": [
                    "/Tests/"
                ]
            },
            "notification-url": "https://packagist.org/downloads/",
            "license": [
                "MIT"
            ],
            "authors": [
                {
                    "name": "Fabien Potencier",
                    "email": "fabien@symfony.com"
                },
                {
                    "name": "Symfony Community",
                    "homepage": "https://symfony.com/contributors"
                }
            ],
            "description": "Symfony Finder Component",
            "homepage": "https://symfony.com",
            "time": "2016-03-10 11:13:05"
        }
    ],
    "packages-dev": [],
    "aliases": [],
    "minimum-stability": "stable",
    "stability-flags": [],
    "prefer-stable": false,
    "prefer-lowest": false,
    "platform": [],
    "platform-dev": []
}
